
Microsoft Visual Studio Solution File, Format Version 12.00
# Visual Studio Version 17
VisualStudioVersion = 17.5.002.0
MinimumVisualStudioVersion = 10.0.40219.1
Project("{9A19103F-16F7-4668-BE54-9A1E7A4F7556}") = "UserRegistrationAPI", "UserRegistrationAPI.csproj", "{D8BB74FD-F9CB-49D3-9AAB-851AC4916189}"
EndProject
Global
	GlobalSection(SolutionConfigurationPlatforms) = preSolution
		Debug|Any CPU = Debug|Any CPU
		Release|Any CPU = Release|Any CPU
	EndGlobalSection
	GlobalSection(ProjectConfigurationPlatforms) = postSolution
		{D8BB74FD-F9CB-49D3-9AAB-851AC4916189}.Debug|Any CPU.ActiveCfg = Debug|Any CPU
		{D8BB74FD-F9CB-49D3-9AAB-851AC4916189}.Debug|Any CPU.Build.0 = Debug|Any CPU
		{D8BB74FD-F9CB-49D3-9AAB-851AC4916189}.Release|Any CPU.ActiveCfg = Release|Any CPU
		{D8BB74FD-F9CB-49D3-9AAB-851AC4916189}.Release|Any CPU.Build.0 = Release|Any CPU
	EndGlobalSection
	GlobalSection(SolutionProperties) = preSolution
		HideSolutionNode = FALSE
	EndGlobalSection
	GlobalSection(ExtensibilityGlobals) = postSolution
		SolutionGuid = {446C6C19-7B15-4D24-AC33-7A945E46F677}
	EndGlobalSection
EndGlobal
